# THIS IS AN AUTOGENERATED FILE. DO NOT EDIT THIS FILE DIRECTLY.
# yarn lockfile v1


"@algolia/autocomplete-core@1.9.3":
  version "1.9.3"
  resolved "https://registry.npmjs.org/@algolia/autocomplete-core/-/autocomplete-core-1.9.3.tgz"
  integrity sha512-009HdfugtGCdC4JdXUbVJClA0q0zh24yyePn+KUGk3rP7j8FEe/m5Yo/z65gn6nP/cM39PxpzqKrL7A6fP6PPw==
  dependencies:
    "@algolia/autocomplete-plugin-algolia-insights" "1.9.3"
    "@algolia/autocomplete-shared" "1.9.3"

"@algolia/autocomplete-plugin-algolia-insights@1.9.3":
  version "1.9.3"
  resolved "https://registry.npmjs.org/@algolia/autocomplete-plugin-algolia-insights/-/autocomplete-plugin-algolia-insights-1.9.3.tgz"
  integrity sha512-a/yTUkcO/Vyy+JffmAnTWbr4/90cLzw+CC3bRbhnULr/EM0fGNvM13oQQ14f2moLMcVDyAx/leczLlAOovhSZg==
  dependencies:
    "@algolia/autocomplete-shared" "1.9.3"

"@algolia/autocomplete-preset-algolia@1.9.3":
  version "1.9.3"
  resolved "https://registry.npmjs.org/@algolia/autocomplete-preset-algolia/-/autocomplete-preset-algolia-1.9.3.tgz"
  integrity sha512-d4qlt6YmrLMYy95n5TB52wtNDr6EgAIPH81dvvvW8UmuWRgxEtY0NJiPwl/h95JtG2vmRM804M0DSwMCNZlzRA==
  dependencies:
    "@algolia/autocomplete-shared" "1.9.3"

"@algolia/autocomplete-shared@1.9.3":
  version "1.9.3"
  resolved "https://registry.npmjs.org/@algolia/autocomplete-shared/-/autocomplete-shared-1.9.3.tgz"
  integrity sha512-Wnm9E4Ye6Rl6sTTqjoymD+l8DjSTHsHboVRYrKgEt8Q7UHm9nYbqhN/i0fhUYA3OAEH7WA8x3jfpnmJm3rKvaQ==

"@algolia/cache-browser-local-storage@4.23.3":
  version "4.23.3"
  resolved "https://registry.npmjs.org/@algolia/cache-browser-local-storage/-/cache-browser-local-storage-4.23.3.tgz"
  integrity sha512-vRHXYCpPlTDE7i6UOy2xE03zHF2C8MEFjPN2v7fRbqVpcOvAUQK81x3Kc21xyb5aSIpYCjWCZbYZuz8Glyzyyg==
  dependencies:
    "@algolia/cache-common" "4.23.3"

"@algolia/cache-common@4.23.3":
  version "4.23.3"
  resolved "https://registry.npmjs.org/@algolia/cache-common/-/cache-common-4.23.3.tgz"
  integrity sha512-h9XcNI6lxYStaw32pHpB1TMm0RuxphF+Ik4o7tcQiodEdpKK+wKufY6QXtba7t3k8eseirEMVB83uFFF3Nu54A==

"@algolia/cache-in-memory@4.23.3":
  version "4.23.3"
  resolved "https://registry.npmjs.org/@algolia/cache-in-memory/-/cache-in-memory-4.23.3.tgz"
  integrity sha512-yvpbuUXg/+0rbcagxNT7un0eo3czx2Uf0y4eiR4z4SD7SiptwYTpbuS0IHxcLHG3lq22ukx1T6Kjtk/rT+mqNg==
  dependencies:
    "@algolia/cache-common" "4.23.3"

"@algolia/client-account@4.23.3":
  version "4.23.3"
  resolved "https://registry.npmjs.org/@algolia/client-account/-/client-account-4.23.3.tgz"
  integrity sha512-hpa6S5d7iQmretHHF40QGq6hz0anWEHGlULcTIT9tbUssWUriN9AUXIFQ8Ei4w9azD0hc1rUok9/DeQQobhQMA==
  dependencies:
    "@algolia/client-common" "4.23.3"
    "@algolia/client-search" "4.23.3"
    "@algolia/transporter" "4.23.3"

"@algolia/client-analytics@4.23.3":
  version "4.23.3"
  resolved "https://registry.npmjs.org/@algolia/client-analytics/-/client-analytics-4.23.3.tgz"
  integrity sha512-LBsEARGS9cj8VkTAVEZphjxTjMVCci+zIIiRhpFun9jGDUlS1XmhCW7CTrnaWeIuCQS/2iPyRqSy1nXPjcBLRA==
  dependencies:
    "@algolia/client-common" "4.23.3"
    "@algolia/client-search" "4.23.3"
    "@algolia/requester-common" "4.23.3"
    "@algolia/transporter" "4.23.3"

"@algolia/client-common@4.23.3":
  version "4.23.3"
  resolved "https://registry.npmjs.org/@algolia/client-common/-/client-common-4.23.3.tgz"
  integrity sha512-l6EiPxdAlg8CYhroqS5ybfIczsGUIAC47slLPOMDeKSVXYG1n0qGiz4RjAHLw2aD0xzh2EXZ7aRguPfz7UKDKw==
  dependencies:
    "@algolia/requester-common" "4.23.3"
    "@algolia/transporter" "4.23.3"

"@algolia/client-personalization@4.23.3":
  version "4.23.3"
  resolved "https://registry.npmjs.org/@algolia/client-personalization/-/client-personalization-4.23.3.tgz"
  integrity sha512-3E3yF3Ocr1tB/xOZiuC3doHQBQ2zu2MPTYZ0d4lpfWads2WTKG7ZzmGnsHmm63RflvDeLK/UVx7j2b3QuwKQ2g==
  dependencies:
    "@algolia/client-common" "4.23.3"
    "@algolia/requester-common" "4.23.3"
    "@algolia/transporter" "4.23.3"

"@algolia/client-search@>= 4.9.1 < 6", "@algolia/client-search@4.23.3":
  version "4.23.3"
  resolved "https://registry.npmjs.org/@algolia/client-search/-/client-search-4.23.3.tgz"
  integrity sha512-P4VAKFHqU0wx9O+q29Q8YVuaowaZ5EM77rxfmGnkHUJggh28useXQdopokgwMeYw2XUht49WX5RcTQ40rZIabw==
  dependencies:
    "@algolia/client-common" "4.23.3"
    "@algolia/requester-common" "4.23.3"
    "@algolia/transporter" "4.23.3"

"@algolia/logger-common@4.23.3":
  version "4.23.3"
  resolved "https://registry.npmjs.org/@algolia/logger-common/-/logger-common-4.23.3.tgz"
  integrity sha512-y9kBtmJwiZ9ZZ+1Ek66P0M68mHQzKRxkW5kAAXYN/rdzgDN0d2COsViEFufxJ0pb45K4FRcfC7+33YB4BLrZ+g==

"@algolia/logger-console@4.23.3":
  version "4.23.3"
  resolved "https://registry.npmjs.org/@algolia/logger-console/-/logger-console-4.23.3.tgz"
  integrity sha512-8xoiseoWDKuCVnWP8jHthgaeobDLolh00KJAdMe9XPrWPuf1by732jSpgy2BlsLTaT9m32pHI8CRfrOqQzHv3A==
  dependencies:
    "@algolia/logger-common" "4.23.3"

"@algolia/recommend@4.23.3":
  version "4.23.3"
  resolved "https://registry.npmjs.org/@algolia/recommend/-/recommend-4.23.3.tgz"
  integrity sha512-9fK4nXZF0bFkdcLBRDexsnGzVmu4TSYZqxdpgBW2tEyfuSSY54D4qSRkLmNkrrz4YFvdh2GM1gA8vSsnZPR73w==
  dependencies:
    "@algolia/cache-browser-local-storage" "4.23.3"
    "@algolia/cache-common" "4.23.3"
    "@algolia/cache-in-memory" "4.23.3"
    "@algolia/client-common" "4.23.3"
    "@algolia/client-search" "4.23.3"
    "@algolia/logger-common" "4.23.3"
    "@algolia/logger-console" "4.23.3"
    "@algolia/requester-browser-xhr" "4.23.3"
    "@algolia/requester-common" "4.23.3"
    "@algolia/requester-node-http" "4.23.3"
    "@algolia/transporter" "4.23.3"

"@algolia/requester-browser-xhr@4.23.3":
  version "4.23.3"
  resolved "https://registry.npmjs.org/@algolia/requester-browser-xhr/-/requester-browser-xhr-4.23.3.tgz"
  integrity sha512-jDWGIQ96BhXbmONAQsasIpTYWslyjkiGu0Quydjlowe+ciqySpiDUrJHERIRfELE5+wFc7hc1Q5hqjGoV7yghw==
  dependencies:
    "@algolia/requester-common" "4.23.3"

"@algolia/requester-common@4.23.3":
  version "4.23.3"
  resolved "https://registry.npmjs.org/@algolia/requester-common/-/requester-common-4.23.3.tgz"
  integrity sha512-xloIdr/bedtYEGcXCiF2muajyvRhwop4cMZo+K2qzNht0CMzlRkm8YsDdj5IaBhshqfgmBb3rTg4sL4/PpvLYw==

"@algolia/requester-node-http@4.23.3":
  version "4.23.3"
  resolved "https://registry.npmjs.org/@algolia/requester-node-http/-/requester-node-http-4.23.3.tgz"
  integrity sha512-zgu++8Uj03IWDEJM3fuNl34s746JnZOWn1Uz5taV1dFyJhVM/kTNw9Ik7YJWiUNHJQXcaD8IXD1eCb0nq/aByA==
  dependencies:
    "@algolia/requester-common" "4.23.3"

"@algolia/transporter@4.23.3":
  version "4.23.3"
  resolved "https://registry.npmjs.org/@algolia/transporter/-/transporter-4.23.3.tgz"
  integrity sha512-Wjl5gttqnf/gQKJA+dafnD0Y6Yw97yvfY8R9h0dQltX1GXTgNs1zWgvtWW0tHl1EgMdhAyw189uWiZMnL3QebQ==
  dependencies:
    "@algolia/cache-common" "4.23.3"
    "@algolia/logger-common" "4.23.3"
    "@algolia/requester-common" "4.23.3"

"@ant-design/colors@^6.0.0":
  version "6.0.0"
  resolved "https://registry.npmmirror.com/@ant-design/colors/-/colors-6.0.0.tgz"
  integrity sha512-qAZRvPzfdWHtfameEGP2Qvuf838NhergR35o+EuVyB5XvSA98xod5r4utvi4TJ3ywmevm290g9nsCG5MryrdWQ==
  dependencies:
    "@ctrl/tinycolor" "^3.4.0"

"@ant-design/icons-svg@^4.2.1":
  version "4.3.1"
  resolved "https://registry.npmmirror.com/@ant-design/icons-svg/-/icons-svg-4.3.1.tgz"
  integrity sha512-4QBZg8ccyC6LPIRii7A0bZUk3+lEDCLnhB+FVsflGdcWPPmV+j3fire4AwwoqHV/BibgvBmR9ZIo4s867smv+g==

"@ant-design/icons-vue@^7.0.0":
  version "7.0.0"
  resolved "https://registry.npmmirror.com/@ant-design/icons-vue/-/icons-vue-7.0.0.tgz"
  integrity sha512-VEb0r/Jqo2qi9olfBephYlyxbmhQVZ5+tJ3Zw5VaBd5h0wV1zdjGt5mJxSbRRs2mnnOWpsa1s4PeoLwNnkLV/w==
  dependencies:
    "@ant-design/colors" "^6.0.0"
    "@ant-design/icons-svg" "^4.2.1"

"@babel/parser@^7.24.1":
  version "7.24.4"
  resolved "https://registry.npmjs.org/@babel/parser/-/parser-7.24.4.tgz"
  integrity sha512-zTvEBcghmeBma9QIGunWevvBAp4/Qu9Bdq+2k0Ot4fVMD6v3dsC9WOcRSKk7tRRyBM/53yKMJko9xOatGQAwSg==

"@babel/runtime@^7.10.5":
  version "7.22.15"
  resolved "https://registry.npmmirror.com/@babel/runtime/-/runtime-7.22.15.tgz"
  integrity sha512-T0O+aa+4w0u06iNmapipJXMV4HoUir03hpx3/YqXXhu9xim3w+dVphjFWl1OH8NbZHw5Lbm9k45drDkgq2VNNA==
  dependencies:
    regenerator-runtime "^0.14.0"

"@ctrl/tinycolor@^3.4.0", "@ctrl/tinycolor@^3.5.0":
  version "3.6.1"
  resolved "https://registry.npmmirror.com/@ctrl/tinycolor/-/tinycolor-3.6.1.tgz"
  integrity sha512-SITSV6aIXsuVNV3f3O0f2n/cgyEDWoSqtZMYiAmcsYHydcKrOz3gUxB/iXd/Qf08+IZX4KpgNbvUdMBmWz+kcA==

"@docsearch/css@^3.6.0", "@docsearch/css@3.6.0":
  version "3.6.0"
  resolved "https://registry.npmjs.org/@docsearch/css/-/css-3.6.0.tgz"
  integrity sha512-+sbxb71sWre+PwDK7X2T8+bhS6clcVMLwBPznX45Qu6opJcgRjAp7gYSDzVFp187J+feSj5dNBN1mJoi6ckkUQ==

"@docsearch/js@^3.6.0":
  version "3.6.0"
  resolved "https://registry.npmjs.org/@docsearch/js/-/js-3.6.0.tgz"
  integrity sha512-QujhqINEElrkIfKwyyyTfbsfMAYCkylInLYMRqHy7PHc8xTBQCow73tlo/Kc7oIwBrCLf0P3YhjlOeV4v8hevQ==
  dependencies:
    "@docsearch/react" "3.6.0"
    preact "^10.0.0"

"@docsearch/react@3.6.0":
  version "3.6.0"
  resolved "https://registry.npmjs.org/@docsearch/react/-/react-3.6.0.tgz"
  integrity sha512-HUFut4ztcVNmqy9gp/wxNbC7pTOHhgVVkHVGCACTuLhUKUhKAF9KYHJtMiLUJxEqiFLQiuri1fWF8zqwM/cu1w==
  dependencies:
    "@algolia/autocomplete-core" "1.9.3"
    "@algolia/autocomplete-preset-algolia" "1.9.3"
    "@docsearch/css" "3.6.0"
    algoliasearch "^4.19.1"

"@emotion/hash@^0.9.0":
  version "0.9.1"
  resolved "https://registry.npmmirror.com/@emotion/hash/-/hash-0.9.1.tgz"
  integrity sha512-gJB6HLm5rYwSLI6PQa+X1t5CFGrv1J1TWG+sOyMCeKz2ojaj6Fnl/rZEspogG+cvqbt4AE/2eIyD2QfLKTBNlQ==

"@emotion/unitless@^0.8.0":
  version "0.8.1"
  resolved "https://registry.npmmirror.com/@emotion/unitless/-/unitless-0.8.1.tgz"
  integrity sha512-KOEGMu6dmJZtpadb476IsZBclKvILjopjUii3V+7MnXIQCYh8W3NgNcgwo21n9LXZX6EDIKvqfjYxXebDwxKmQ==

"@esbuild/darwin-arm64@0.20.2":
  version "0.20.2"
  resolved "https://registry.npmjs.org/@esbuild/darwin-arm64/-/darwin-arm64-0.20.2.tgz"
  integrity sha512-4J6IRT+10J3aJH3l1yzEg9y3wkTDgDk7TSDFX+wKFiWjqWp/iCfLIYzGyasx9l0SAFPT1HwSCR+0w/h1ES/MjA==

"@jridgewell/sourcemap-codec@^1.4.15":
  version "1.4.15"
  resolved "https://registry.npmjs.org/@jridgewell/sourcemap-codec/-/sourcemap-codec-1.4.15.tgz"
  integrity sha512-eF2rxCRulEKXHTRiDrDy6erMYWqNw4LPdQ8UQA4huuxaQsVeRPFl2oM8oDGxMFhJUWZf9McpLtJasDDZb/Bpeg==

"@rollup/rollup-darwin-arm64@4.14.3":
  version "4.14.3"
  resolved "https://registry.npmjs.org/@rollup/rollup-darwin-arm64/-/rollup-darwin-arm64-4.14.3.tgz"
  integrity sha512-Od4vE6f6CTT53yM1jgcLqNfItTsLt5zE46fdPaEmeFHvPs5SjZYlLpHrSiHEKR1+HdRfxuzXHjDOIxQyC3ptBA==

"@shikijs/core@^1.2.4", "@shikijs/core@1.3.0":
  version "1.3.0"
  resolved "https://registry.npmjs.org/@shikijs/core/-/core-1.3.0.tgz"
  integrity sha512-7fedsBfuILDTBmrYZNFI8B6ATTxhQAasUHllHmjvSZPnoq4bULWoTpHwmuQvZ8Aq03/tAa2IGo6RXqWtHdWaCA==

"@shikijs/transformers@^1.2.4":
  version "1.3.0"
  resolved "https://registry.npmjs.org/@shikijs/transformers/-/transformers-1.3.0.tgz"
  integrity sha512-3mlpg2I9CjhjE96dEWQOGeCWoPcyTov3s4aAsHmgvnTHa8MBknEnCQy8/xivJPSpD+olqOqIEoHnLfbNJK29AA==
  dependencies:
    shiki "1.3.0"

"@simonwep/pickr@~1.8.0":
  version "1.8.2"
  resolved "https://registry.npmmirror.com/@simonwep/pickr/-/pickr-1.8.2.tgz"
  integrity sha512-/l5w8BIkrpP6n1xsetx9MWPWlU6OblN5YgZZphxan0Tq4BByTCETL6lyIeY8lagalS2Nbt4F2W034KHLIiunKA==
  dependencies:
    core-js "^3.15.1"
    nanopop "^2.1.0"

"@types/estree@1.0.5":
  version "1.0.5"
  resolved "https://registry.npmjs.org/@types/estree/-/estree-1.0.5.tgz"
  integrity sha512-/kYRxGDLWzHOB7q+wtSUQlFrtcdUccpfy+X+9iMBpHK8QLLhx2wIPYuS5DYtR9Wa/YlZAbIovy7qVdB1Aq6Lyw==

"@types/linkify-it@*":
  version "3.0.5"
  resolved "https://registry.npmjs.org/@types/linkify-it/-/linkify-it-3.0.5.tgz"
  integrity sha512-yg6E+u0/+Zjva+buc3EIb+29XEg4wltq7cSmd4Uc2EE/1nUVmxyzpX6gUXD0V8jIrG0r7YeOGVIbYRkxeooCtw==

"@types/markdown-it@^13.0.7":
  version "13.0.7"
  resolved "https://registry.npmjs.org/@types/markdown-it/-/markdown-it-13.0.7.tgz"
  integrity sha512-U/CBi2YUUcTHBt5tjO2r5QV/x0Po6nsYwQU4Y04fBS6vfoImaiZ6f8bi3CjTCxBPQSO1LMyUqkByzi8AidyxfA==
  dependencies:
    "@types/linkify-it" "*"
    "@types/mdurl" "*"

"@types/mdurl@*":
  version "1.0.5"
  resolved "https://registry.npmjs.org/@types/mdurl/-/mdurl-1.0.5.tgz"
  integrity sha512-6L6VymKTzYSrEf4Nev4Xa1LCHKrlTlYCBMTlQKFuddo1CvQcE52I0mwfOJayueUC7MJuXOeHTcIU683lzd0cUA==

"@types/node-fetch@^2.6.4":
  version "2.6.5"
  resolved "https://registry.npmmirror.com/@types/node-fetch/-/node-fetch-2.6.5.tgz"
  integrity sha512-OZsUlr2nxvkqUFLSaY2ZbA+P1q22q+KrlxWOn/38RX+u5kTkYL2mTujEpzUhGkS+K/QCYp9oagfXG39XOzyySg==
  dependencies:
    "@types/node" "*"
    form-data "^4.0.0"

"@types/node@*", "@types/node@^18.0.0 || >=20.0.0", "@types/node@^18.11.18":
  version "18.17.18"
  resolved "https://registry.npmmirror.com/@types/node/-/node-18.17.18.tgz"
  integrity sha512-/4QOuy3ZpV7Ya1GTRz5CYSz3DgkKpyUptXuQ5PPce7uuyJAOR7r9FhkmxJfvcNUXyklbC63a+YvB3jxy7s9ngw==

"@types/web-bluetooth@^0.0.20":
  version "0.0.20"
  resolved "https://registry.npmjs.org/@types/web-bluetooth/-/web-bluetooth-0.0.20.tgz"
  integrity sha512-g9gZnnXVq7gM7v3tJCWV/qw7w+KeOlSHAhgF9RytFyifW6AF61hdT2ucrYhPq9hLs5JIryeupHV3qGk95dH9ow==

"@vitejs/plugin-vue@^5.0.4":
  version "5.0.4"
  resolved "https://registry.npmjs.org/@vitejs/plugin-vue/-/plugin-vue-5.0.4.tgz"
  integrity sha512-WS3hevEszI6CEVEx28F8RjTX97k3KsrcY6kvTg7+Whm5y3oYvcqzVeGCU3hxSAn4uY2CLCkeokkGKpoctccilQ==

"@vue/compiler-core@3.4.22":
  version "3.4.22"
  resolved "https://registry.npmjs.org/@vue/compiler-core/-/compiler-core-3.4.22.tgz"
  integrity sha512-FBDRCBE/rFPA8OfTUrARx2c49N7zoImlGT7hsFikv0pZxQlFhffQwewpEXaLynZW0/DspVXmNA+QQ9dXINpWmg==
  dependencies:
    "@babel/parser" "^7.24.1"
    "@vue/shared" "3.4.22"
    entities "^4.5.0"
    estree-walker "^2.0.2"
    source-map-js "^1.2.0"

"@vue/compiler-dom@3.4.22":
  version "3.4.22"
  resolved "https://registry.npmjs.org/@vue/compiler-dom/-/compiler-dom-3.4.22.tgz"
  integrity sha512-YkAS+jZc6Ip360kT3lZbMQZteiYBbHDSVKr94Jdd8Zjr7VjSkkXKAFFR/FW+2tNtBYXOps6xrWlOquy3GeYB0w==
  dependencies:
    "@vue/compiler-core" "3.4.22"
    "@vue/shared" "3.4.22"

"@vue/compiler-sfc@3.4.22":
  version "3.4.22"
  resolved "https://registry.npmjs.org/@vue/compiler-sfc/-/compiler-sfc-3.4.22.tgz"
  integrity sha512-Pncp5Vc8E2Ef1o5uveO8WA1IqM7rt0R1jN8D4qitQYOUxC97iITGYA8oMInQ3UcDS7ip+SegyA2HbAEB4V6NMQ==
  dependencies:
    "@babel/parser" "^7.24.1"
    "@vue/compiler-core" "3.4.22"
    "@vue/compiler-dom" "3.4.22"
    "@vue/compiler-ssr" "3.4.22"
    "@vue/shared" "3.4.22"
    estree-walker "^2.0.2"
    magic-string "^0.30.8"
    postcss "^8.4.38"
    source-map-js "^1.2.0"

"@vue/compiler-ssr@3.4.22":
  version "3.4.22"
  resolved "https://registry.npmjs.org/@vue/compiler-ssr/-/compiler-ssr-3.4.22.tgz"
  integrity sha512-ycb2sL0SW6AkgVMrvaU/TIAEk7FQWyv/oYya44E/V9xURM+ij9Oev5bVobSS7GLJzkUieWW3SrYcK/PZpb5i4A==
  dependencies:
    "@vue/compiler-dom" "3.4.22"
    "@vue/shared" "3.4.22"

"@vue/devtools-api@^7.0.25":
  version "7.0.27"
  resolved "https://registry.npmjs.org/@vue/devtools-api/-/devtools-api-7.0.27.tgz"
  integrity sha512-BFCFCusSDcw2UcOFD/QeK7OxD1x2C/m+uAN30Q7jLKECSW53hmz0urzJmX834GuWDZX/hIxkyUKnLLfEIP1c/w==
  dependencies:
    "@vue/devtools-kit" "^7.0.27"

"@vue/devtools-kit@^7.0.27":
  version "7.0.27"
  resolved "https://registry.npmjs.org/@vue/devtools-kit/-/devtools-kit-7.0.27.tgz"
  integrity sha512-/A5xM38pPCFX5Yhl/lRFAzjyK6VNsH670nww2WbjFKWqlu3I+lMxWKzQkCW6A1V8bduITgl2kHORfg2gTw6QaA==
  dependencies:
    "@vue/devtools-shared" "^7.0.27"
    hookable "^5.5.3"
    mitt "^3.0.1"
    perfect-debounce "^1.0.0"
    speakingurl "^14.0.1"

"@vue/devtools-shared@^7.0.27":
  version "7.0.27"
  resolved "https://registry.npmjs.org/@vue/devtools-shared/-/devtools-shared-7.0.27.tgz"
  integrity sha512-4VxtmZ6yjhiSloqZZq2UYU0TBGxOJ8GxWvp5OlAH70zYqi0FIAyWGPkOhvfoZ7DKQyv2UU0mmKzFHjsEkelGyQ==
  dependencies:
    rfdc "^1.3.1"

"@vue/reactivity@3.4.22":
  version "3.4.22"
  resolved "https://registry.npmjs.org/@vue/reactivity/-/reactivity-3.4.22.tgz"
  integrity sha512-+golHRRfcGoahBrhoTauFNIIAhxntRV3BI8HHqVvCdsuWivxW1MI0E9AOXVsz4H/ZlWM1ahudWTX6PhUrNR2yQ==
  dependencies:
    "@vue/shared" "3.4.22"

"@vue/runtime-core@3.4.22":
  version "3.4.22"
  resolved "https://registry.npmjs.org/@vue/runtime-core/-/runtime-core-3.4.22.tgz"
  integrity sha512-cbA8lcL4g1907EdY1a1KmP5IRWfbqjgBRcgJPkF//yn96XSC1/VAJBZiAGLiyw0P77Rw2Ao7d9U51vU1GC6yUQ==
  dependencies:
    "@vue/reactivity" "3.4.22"
    "@vue/shared" "3.4.22"

"@vue/runtime-dom@3.4.22":
  version "3.4.22"
  resolved "https://registry.npmjs.org/@vue/runtime-dom/-/runtime-dom-3.4.22.tgz"
  integrity sha512-AXxRHrFkLX1y2+70CO2wDKRxW0WZcQKTOXS31AK+jZ1RLPtI6sEHVpYNfyE9WgbgXOqPtX4gfIfuoFYi8iCu2w==
  dependencies:
    "@vue/runtime-core" "3.4.22"
    "@vue/shared" "3.4.22"
    csstype "^3.1.3"

"@vue/server-renderer@3.4.22":
  version "3.4.22"
  resolved "https://registry.npmjs.org/@vue/server-renderer/-/server-renderer-3.4.22.tgz"
  integrity sha512-okiNxiCOhJlx6IOrTZvhIVwf2UYKay0hnIPqWu4h19bkNv1gmG4Ic6U3zXY287AWF26lQuFMa515Qzc+R0aAYg==
  dependencies:
    "@vue/compiler-ssr" "3.4.22"
    "@vue/shared" "3.4.22"

"@vue/shared@3.4.22":
  version "3.4.22"
  resolved "https://registry.npmjs.org/@vue/shared/-/shared-3.4.22.tgz"
  integrity sha512-cg7R9XNk4ovV3bKka/1a464O2oY0l5Fyt0rwGR4hSJRPjUJ0WVjrPdsr4W0JbUriwiM8EKcCcCjeKN5pRMs2Zg==

"@vueuse/core@^10.9.0", "@vueuse/core@10.9.0":
  version "10.9.0"
  resolved "https://registry.npmjs.org/@vueuse/core/-/core-10.9.0.tgz"
  integrity sha512-/1vjTol8SXnx6xewDEKfS0Ra//ncg4Hb0DaZiwKf7drgfMsKFExQ+FnnENcN6efPen+1kIzhLQoGSy0eDUVOMg==
  dependencies:
    "@types/web-bluetooth" "^0.0.20"
    "@vueuse/metadata" "10.9.0"
    "@vueuse/shared" "10.9.0"
    vue-demi ">=0.14.7"

"@vueuse/integrations@^10.9.0":
  version "10.9.0"
  resolved "https://registry.npmjs.org/@vueuse/integrations/-/integrations-10.9.0.tgz"
  integrity sha512-acK+A01AYdWSvL4BZmCoJAcyHJ6EqhmkQEXbQLwev1MY7NBnS+hcEMx/BzVoR9zKI+UqEPMD9u6PsyAuiTRT4Q==
  dependencies:
    "@vueuse/core" "10.9.0"
    "@vueuse/shared" "10.9.0"
    vue-demi ">=0.14.7"

"@vueuse/metadata@10.9.0":
  version "10.9.0"
  resolved "https://registry.npmjs.org/@vueuse/metadata/-/metadata-10.9.0.tgz"
  integrity sha512-iddNbg3yZM0X7qFY2sAotomgdHK7YJ6sKUvQqbvwnf7TmaVPxS4EJydcNsVejNdS8iWCtDk+fYXr7E32nyTnGA==

"@vueuse/shared@10.9.0":
  version "10.9.0"
  resolved "https://registry.npmjs.org/@vueuse/shared/-/shared-10.9.0.tgz"
  integrity sha512-Uud2IWncmAfJvRaFYzv5OHDli+FbOzxiVEQdLCKQKLyhz94PIyFC3CHcH7EDMwIn8NPtD06+PNbC/PiO0LGLtw==
  dependencies:
    vue-demi ">=0.14.7"

abort-controller@^3.0.0:
  version "3.0.0"
  resolved "https://registry.npmmirror.com/abort-controller/-/abort-controller-3.0.0.tgz"
  integrity sha512-h8lQ8tacZYnR3vNQTgibj+tODHI5/+l06Au2Pcriv/Gmet0eaj4TwWH41sO9wnHDiQsEj19q0drzdWdeAHtweg==
  dependencies:
    event-target-shim "^5.0.0"

agentkeepalive@^4.2.1:
  version "4.5.0"
  resolved "https://registry.npmmirror.com/agentkeepalive/-/agentkeepalive-4.5.0.tgz"
  integrity sha512-5GG/5IbQQpC9FpkRGsSvZI5QYeSCzlJHdpBQntCsuTOxhKD8lqKhrleg2Yi7yvMIf82Ycmmqln9U8V9qwEiJew==
  dependencies:
    humanize-ms "^1.2.1"

algoliasearch@^4.19.1, "algoliasearch@>= 4.9.1 < 6":
  version "4.23.3"
  resolved "https://registry.npmjs.org/algoliasearch/-/algoliasearch-4.23.3.tgz"
  integrity sha512-Le/3YgNvjW9zxIQMRhUHuhiUjAlKY/zsdZpfq4dlLqg6mEm0nL6yk+7f2hDOtLpxsgE4jSzDmvHL7nXdBp5feg==
  dependencies:
    "@algolia/cache-browser-local-storage" "4.23.3"
    "@algolia/cache-common" "4.23.3"
    "@algolia/cache-in-memory" "4.23.3"
    "@algolia/client-account" "4.23.3"
    "@algolia/client-analytics" "4.23.3"
    "@algolia/client-common" "4.23.3"
    "@algolia/client-personalization" "4.23.3"
    "@algolia/client-search" "4.23.3"
    "@algolia/logger-common" "4.23.3"
    "@algolia/logger-console" "4.23.3"
    "@algolia/recommend" "4.23.3"
    "@algolia/requester-browser-xhr" "4.23.3"
    "@algolia/requester-common" "4.23.3"
    "@algolia/requester-node-http" "4.23.3"
    "@algolia/transporter" "4.23.3"

ant-design-vue@^4.0.3:
  version "4.0.3"
  resolved "https://registry.npmmirror.com/ant-design-vue/-/ant-design-vue-4.0.3.tgz"
  integrity sha512-fbgZbbirLx7rc19ytaGxApwS01CKLRzvEZmH0TVF06niQA9ekx7xkvfQGlmiSaCs4b8nWZi4Bo7gUzRNRt5YJA==
  dependencies:
    "@ant-design/colors" "^6.0.0"
    "@ant-design/icons-vue" "^7.0.0"
    "@babel/runtime" "^7.10.5"
    "@ctrl/tinycolor" "^3.5.0"
    "@emotion/hash" "^0.9.0"
    "@emotion/unitless" "^0.8.0"
    "@simonwep/pickr" "~1.8.0"
    array-tree-filter "^2.1.0"
    async-validator "^4.0.0"
    csstype "^3.1.1"
    dayjs "^1.10.5"
    dom-align "^1.12.1"
    dom-scroll-into-view "^2.0.0"
    lodash "^4.17.21"
    lodash-es "^4.17.15"
    resize-observer-polyfill "^1.5.1"
    scroll-into-view-if-needed "^2.2.25"
    shallow-equal "^1.0.0"
    stylis "^4.1.3"
    throttle-debounce "^5.0.0"
    vue-types "^3.0.0"
    warning "^4.0.0"

anymatch@~3.1.2:
  version "3.1.3"
  resolved "https://registry.npmmirror.com/anymatch/-/anymatch-3.1.3.tgz"
  integrity sha512-KMReFUr0B4t+D+OBkjR3KYqvocp2XaSzO55UcB6mgQMd3KbcE+mWTyvVV7D/zsdEbNnV6acZUutkiHQXvTr1Rw==
  dependencies:
    normalize-path "^3.0.0"
    picomatch "^2.0.4"

array-tree-filter@^2.1.0:
  version "2.1.0"
  resolved "https://registry.npmmirror.com/array-tree-filter/-/array-tree-filter-2.1.0.tgz"
  integrity sha512-4ROwICNlNw/Hqa9v+rk5h22KjmzB1JGTMVKP2AKJBOCgb0yL0ASf0+YvCcLNNwquOHNX48jkeZIJ3a+oOQqKcw==

async-validator@*, async-validator@^4.0.0:
  version "4.2.5"
  resolved "https://registry.npmmirror.com/async-validator/-/async-validator-4.2.5.tgz"
  integrity sha512-7HhHjtERjqlNbZtqNqy2rckN/SpOOlmDliet+lP7k+eKZEjPk3DgyeU9lIXLdeLz0uBbbVp+9Qdow9wJWgwwfg==

asynckit@^0.4.0:
  version "0.4.0"
  resolved "https://registry.npmmirror.com/asynckit/-/asynckit-0.4.0.tgz"
  integrity sha512-Oei9OH4tRh0YqU3GxhX79dM/mwVgvbZJaSNaRk+bshkj0S5cfHcgYakreBjrHwatXKbz+IoIdYLxrKim2MjW0Q==

base-64@^0.1.0:
  version "0.1.0"
  resolved "https://registry.npmmirror.com/base-64/-/base-64-0.1.0.tgz"
  integrity sha512-Y5gU45svrR5tI2Vt/X9GPd3L0HNIKzGu202EjxrXMpuc2V2CiKgemAbUUsqYmZJvPtCXoUKjNZwBJzsNScUbXA==

binary-extensions@^2.0.0:
  version "2.2.0"
  resolved "https://registry.npmmirror.com/binary-extensions/-/binary-extensions-2.2.0.tgz"
  integrity sha512-jDctJ/IVQbZoJykoeHbhXpOlNBqGNcwXJKJog42E5HDPUwQTSdjCHdihjj0DlnheQ7blbT6dHOafNAiS8ooQKA==

braces@~3.0.2:
  version "3.0.2"
  resolved "https://registry.npmmirror.com/braces/-/braces-3.0.2.tgz"
  integrity sha512-b8um+L1RzM3WDSzvhm6gIz1yfTbBt6YTlcEKAvsmqCZZFw46z626lVj9j1yEPW33H5H+lBQpZMP1k8l+78Ha0A==
  dependencies:
    fill-range "^7.0.1"

charenc@0.0.2:
  version "0.0.2"
  resolved "https://registry.npmmirror.com/charenc/-/charenc-0.0.2.tgz"
  integrity sha512-yrLQ/yVUFXkzg7EDQsPieE/53+0RlaWTs+wBrvW36cyilJ2SaDWfl4Yj7MtLTXleV9uEKefbAGUPv2/iWSooRA==

"chokidar@>=3.0.0 <4.0.0":
  version "3.5.3"
  resolved "https://registry.npmmirror.com/chokidar/-/chokidar-3.5.3.tgz"
  integrity sha512-Dr3sfKRP6oTcjf2JmUmFJfeVMvXBdegxB0iVQ5eb2V10uFJUCAS8OByZdVAyVb8xXNz3GjjTgj9kLWsZTqE6kw==
  dependencies:
    anymatch "~3.1.2"
    braces "~3.0.2"
    glob-parent "~5.1.2"
    is-binary-path "~2.1.0"
    is-glob "~4.0.1"
    normalize-path "~3.0.0"
    readdirp "~3.6.0"
  optionalDependencies:
    fsevents "~2.3.2"

combined-stream@^1.0.8:
  version "1.0.8"
  resolved "https://registry.npmmirror.com/combined-stream/-/combined-stream-1.0.8.tgz"
  integrity sha512-FQN4MRfuJeHf7cBbBMJFXhKSDq+2kAArBlmRBvcvFE5BB1HZKXtSFASDhdlz9zOYwxh8lDdnvmMOe/+5cdoEdg==
  dependencies:
    delayed-stream "~1.0.0"

compute-scroll-into-view@^1.0.20:
  version "1.0.20"
  resolved "https://registry.npmmirror.com/compute-scroll-into-view/-/compute-scroll-into-view-1.0.20.tgz"
  integrity sha512-UCB0ioiyj8CRjtrvaceBLqqhZCVP+1B8+NWQhmdsm0VXOJtobBCf1dBQmebCCo34qZmUwZfIH2MZLqNHazrfjg==

core-js@^3.15.1:
  version "3.32.2"
  resolved "https://registry.npmmirror.com/core-js/-/core-js-3.32.2.tgz"
  integrity sha512-pxXSw1mYZPDGvTQqEc5vgIb83jGQKFGYWY76z4a7weZXUolw3G+OvpZqSRcfYOoOVUQJYEPsWeQK8pKEnUtWxQ==

crypt@0.0.2:
  version "0.0.2"
  resolved "https://registry.npmmirror.com/crypt/-/crypt-0.0.2.tgz"
  integrity sha512-mCxBlsHFYh9C+HVpiEacem8FEBnMXgU9gy4zmNC+SXAZNB/1idgp/aulFJ4FgCi7GPEVbfyng092GqL2k2rmow==

csstype@^3.1.1, csstype@^3.1.3:
  version "3.1.3"
  resolved "https://registry.npmjs.org/csstype/-/csstype-3.1.3.tgz"
  integrity sha512-M1uQkMl8rQK/szD0LNhtqxIPLpimGm8sOBwU7lLnCpSbTyY3yeU1Vc7l4KT5zT4s/yOxHH5O7tIuuLOCnLADRw==

dayjs@^1.10.5:
  version "1.11.9"
  resolved "https://registry.npmmirror.com/dayjs/-/dayjs-1.11.9.tgz"
  integrity sha512-QvzAURSbQ0pKdIye2txOzNaHmxtUBXerpY0FJsFXUMKbIZeFm5ht1LS/jFsrncjnmtv8HsG0W2g6c0zUjZWmpA==

delayed-stream@~1.0.0:
  version "1.0.0"
  resolved "https://registry.npmmirror.com/delayed-stream/-/delayed-stream-1.0.0.tgz"
  integrity sha512-ZySD7Nf91aLB0RxL4KGrKHBXl7Eds1DAmEdcoVawXnLD7SDhpNgtuII2aAkg7a7QS41jxPSZ17p4VdGnMHk3MQ==

digest-fetch@^1.3.0:
  version "1.3.0"
  resolved "https://registry.npmmirror.com/digest-fetch/-/digest-fetch-1.3.0.tgz"
  integrity sha512-CGJuv6iKNM7QyZlM2T3sPAdZWd/p9zQiRNS9G+9COUCwzWFTs0Xp8NF5iePx7wtvhDykReiRRrSeNb4oMmB8lA==
  dependencies:
    base-64 "^0.1.0"
    md5 "^2.3.0"

dom-align@^1.12.1:
  version "1.12.4"
  resolved "https://registry.npmmirror.com/dom-align/-/dom-align-1.12.4.tgz"
  integrity sha512-R8LUSEay/68zE5c8/3BDxiTEvgb4xZTF0RKmAHfiEVN3klfIpXfi2/QCoiWPccVQ0J/ZGdz9OjzL4uJEP/MRAw==

dom-scroll-into-view@^2.0.0:
  version "2.0.1"
  resolved "https://registry.npmmirror.com/dom-scroll-into-view/-/dom-scroll-into-view-2.0.1.tgz"
  integrity sha512-bvVTQe1lfaUr1oFzZX80ce9KLDlZ3iU+XGNE/bz9HnGdklTieqsbmsLHe+rT2XWqopvL0PckkYqN7ksmm5pe3w==

entities@^4.5.0:
  version "4.5.0"
  resolved "https://registry.npmjs.org/entities/-/entities-4.5.0.tgz"
  integrity sha512-V0hjH4dGPh9Ao5p0MoRY6BVqtwCjhz6vI5LT8AJ55H+4g9/4vbHx1I54fS0XuclLhDHArPQCiMjDxjaL8fPxhw==

esbuild@^0.20.1:
  version "0.20.2"
  resolved "https://registry.npmjs.org/esbuild/-/esbuild-0.20.2.tgz"
  integrity sha512-WdOOppmUNU+IbZ0PaDiTst80zjnrOkyJNHoKupIcVyU8Lvla3Ugx94VzkQ32Ijqd7UhHJy75gNWDMUekcrSJ6g==
  optionalDependencies:
    "@esbuild/aix-ppc64" "0.20.2"
    "@esbuild/android-arm" "0.20.2"
    "@esbuild/android-arm64" "0.20.2"
    "@esbuild/android-x64" "0.20.2"
    "@esbuild/darwin-arm64" "0.20.2"
    "@esbuild/darwin-x64" "0.20.2"
    "@esbuild/freebsd-arm64" "0.20.2"
    "@esbuild/freebsd-x64" "0.20.2"
    "@esbuild/linux-arm" "0.20.2"
    "@esbuild/linux-arm64" "0.20.2"
    "@esbuild/linux-ia32" "0.20.2"
    "@esbuild/linux-loong64" "0.20.2"
    "@esbuild/linux-mips64el" "0.20.2"
    "@esbuild/linux-ppc64" "0.20.2"
    "@esbuild/linux-riscv64" "0.20.2"
    "@esbuild/linux-s390x" "0.20.2"
    "@esbuild/linux-x64" "0.20.2"
    "@esbuild/netbsd-x64" "0.20.2"
    "@esbuild/openbsd-x64" "0.20.2"
    "@esbuild/sunos-x64" "0.20.2"
    "@esbuild/win32-arm64" "0.20.2"
    "@esbuild/win32-ia32" "0.20.2"
    "@esbuild/win32-x64" "0.20.2"

estree-walker@^2.0.2:
  version "2.0.2"
  resolved "https://registry.npmjs.org/estree-walker/-/estree-walker-2.0.2.tgz"
  integrity sha512-Rfkk/Mp/DL7JVje3u18FxFujQlTNR2q6QfMSMB7AvCBx91NGj/ba3kCfza0f6dVDbw7YlRf/nDrn7pQrCCyQ/w==

event-target-shim@^5.0.0:
  version "5.0.1"
  resolved "https://registry.npmmirror.com/event-target-shim/-/event-target-shim-5.0.1.tgz"
  integrity sha512-i/2XbnSz/uxRCU6+NdVJgKWDTM427+MqYbkQzD321DuCQJUqOuJKIA0IM2+W2xtYHdKOmZ4dR6fExsd4SXL+WQ==

fill-range@^7.0.1:
  version "7.0.1"
  resolved "https://registry.npmmirror.com/fill-range/-/fill-range-7.0.1.tgz"
  integrity sha512-qOo9F+dMUmC2Lcb4BbVvnKJxTPjCm+RRpe4gDuGrzkL7mEVl/djYSu2OdQ2Pa302N4oqkSg9ir6jaLWJ2USVpQ==
  dependencies:
    to-regex-range "^5.0.1"

focus-trap@*, focus-trap@^7.5.4:
  version "7.5.4"
  resolved "https://registry.npmjs.org/focus-trap/-/focus-trap-7.5.4.tgz"
  integrity sha512-N7kHdlgsO/v+iD/dMoJKtsSqs5Dz/dXZVebRgJw23LDk+jMi/974zyiOYDziY2JPp8xivq9BmUGwIJMiuSBi7w==
  dependencies:
    tabbable "^6.2.0"

form-data-encoder@1.7.2:
  version "1.7.2"
  resolved "https://registry.npmmirror.com/form-data-encoder/-/form-data-encoder-1.7.2.tgz"
  integrity sha512-qfqtYan3rxrnCk1VYaA4H+Ms9xdpPqvLZa6xmMgFvhO32x7/3J/ExcTd6qpxM0vH2GdMI+poehyBZvqfMTto8A==

form-data@^4.0.0:
  version "4.0.0"
  resolved "https://registry.npmmirror.com/form-data/-/form-data-4.0.0.tgz"
  integrity sha512-ETEklSGi5t0QMZuiXoA/Q6vcnxcLQP5vdugSpuAyi6SVGi2clPPp+xgEhuMaHC+zGgn31Kd235W35f7Hykkaww==
  dependencies:
    asynckit "^0.4.0"
    combined-stream "^1.0.8"
    mime-types "^2.1.12"

formdata-node@^4.3.2:
  version "4.4.1"
  resolved "https://registry.npmmirror.com/formdata-node/-/formdata-node-4.4.1.tgz"
  integrity sha512-0iirZp3uVDjVGt9p49aTaqjk84TrglENEDuqfdlZQ1roC9CWlPk6Avf8EEnZNcAqPonwkG35x4n3ww/1THYAeQ==
  dependencies:
    node-domexception "1.0.0"
    web-streams-polyfill "4.0.0-beta.3"

fsevents@~2.3.2, fsevents@~2.3.3:
  version "2.3.3"
  resolved "https://registry.npmmirror.com/fsevents/-/fsevents-2.3.3.tgz"
  integrity sha512-5xoDfX+fL7faATnagmWPpbFtwh/R77WmMMqqHGS65C3vvB0YHrgF+B1YmZ3441tMj5n63k0212XNoJwzlhffQw==

glob-parent@~5.1.2:
  version "5.1.2"
  resolved "https://registry.npmmirror.com/glob-parent/-/glob-parent-5.1.2.tgz"
  integrity sha512-AOIgSQCepiJYwP3ARnGx+5VnTu2HBYdzbGP45eLw1vr3zB3vZLeyed1sC9hnbcOc9/SrMyM5RPQrkGz4aS9Zow==
  dependencies:
    is-glob "^4.0.1"

hookable@^5.5.3:
  version "5.5.3"
  resolved "https://registry.npmjs.org/hookable/-/hookable-5.5.3.tgz"
  integrity sha512-Yc+BQe8SvoXH1643Qez1zqLRmbA5rCL+sSmk6TVos0LWVfNIB7PGncdlId77WzLGSIB5KaWgTaNTs2lNVEI6VQ==

humanize-ms@^1.2.1:
  version "1.2.1"
  resolved "https://registry.npmmirror.com/humanize-ms/-/humanize-ms-1.2.1.tgz"
  integrity sha512-Fl70vYtsAFb/C06PTS9dZBo7ihau+Tu/DNCk/OyHhea07S+aeMWpFFkUaXRa8fI+ScZbEI8dfSxwY7gxZ9SAVQ==
  dependencies:
    ms "^2.0.0"

immutable@^4.0.0:
  version "4.3.4"
  resolved "https://registry.npmmirror.com/immutable/-/immutable-4.3.4.tgz"
  integrity sha512-fsXeu4J4i6WNWSikpI88v/PcVflZz+6kMhUfIwc5SY+poQRPnaf5V7qds6SUyUN3cVxEzuCab7QIoLOQ+DQ1wA==

is-binary-path@~2.1.0:
  version "2.1.0"
  resolved "https://registry.npmmirror.com/is-binary-path/-/is-binary-path-2.1.0.tgz"
  integrity sha512-ZMERYes6pDydyuGidse7OsHxtbI7WVeUEozgR/g7rd0xUimYNlvZRE/K2MgZTjWy725IfelLeVcEM97mmtRGXw==
  dependencies:
    binary-extensions "^2.0.0"

is-buffer@~1.1.6:
  version "1.1.6"
  resolved "https://registry.npmmirror.com/is-buffer/-/is-buffer-1.1.6.tgz"
  integrity sha512-NcdALwpXkTm5Zvvbk7owOUSvVvBKDgKP5/ewfXEznmQFfs4ZRmanOeKBTjRVjka3QFoN6XJ+9F3USqfHqTaU5w==

is-extglob@^2.1.1:
  version "2.1.1"
  resolved "https://registry.npmmirror.com/is-extglob/-/is-extglob-2.1.1.tgz"
  integrity sha512-SbKbANkN603Vi4jEZv49LeVJMn4yGwsbzZworEoyEiutsN3nJYdbO36zfhGJ6QEDpOZIFkDtnq5JRxmvl3jsoQ==

is-glob@^4.0.1, is-glob@~4.0.1:
  version "4.0.3"
  resolved "https://registry.npmmirror.com/is-glob/-/is-glob-4.0.3.tgz"
  integrity sha512-xelSayHH36ZgE7ZWhli7pW34hNbNl8Ojv5KVmkJD4hBdD3th8Tfk9vYasLM+mXWOZhFkgZfxhLSnrwRr4elSSg==
  dependencies:
    is-extglob "^2.1.1"

is-number@^7.0.0:
  version "7.0.0"
  resolved "https://registry.npmmirror.com/is-number/-/is-number-7.0.0.tgz"
  integrity sha512-41Cifkg6e8TylSpdtTpeLVMqvSBEVzTttHvERD741+pnZ8ANv0004MRL43QKPDlK9cGvNp6NZWZUBlbGXYxxng==

is-plain-object@3.0.1:
  version "3.0.1"
  resolved "https://registry.npmmirror.com/is-plain-object/-/is-plain-object-3.0.1.tgz"
  integrity sha512-Xnpx182SBMrr/aBik8y+GuR4U1L9FqMSojwDQwPMmxyC6bvEqly9UBCxhauBF5vNh2gwWJNX6oDV7O+OM4z34g==

"js-tokens@^3.0.0 || ^4.0.0":
  version "4.0.0"
  resolved "https://registry.npmmirror.com/js-tokens/-/js-tokens-4.0.0.tgz"
  integrity sha512-RdJUflcE3cUzKiMqQgsCu06FPu9UdIJO0beYbPhHN4k6apgJtifcoCtT9bcxOpYBtpD2kCM6Sbzg4CausW/PKQ==

lodash-es@^4.17.15:
  version "4.17.21"
  resolved "https://registry.npmmirror.com/lodash-es/-/lodash-es-4.17.21.tgz"
  integrity sha512-mKnC+QJ9pWVzv+C4/U3rRsHapFfHvQFoFB92e52xeyGMcX6/OlIl78je1u8vePzYZSkkogMPJ2yjxxsb89cxyw==

lodash@^4.17.21:
  version "4.17.21"
  resolved "https://registry.npmmirror.com/lodash/-/lodash-4.17.21.tgz"
  integrity sha512-v2kDEe57lecTulaDIuNTPy3Ry4gLGJ6Z1O3vE1krgXZNrsQ+LFTGHVxVjcXPs17LhbZVGedAJv8XZ1tvj5FvSg==

loose-envify@^1.0.0:
  version "1.4.0"
  resolved "https://registry.npmmirror.com/loose-envify/-/loose-envify-1.4.0.tgz"
  integrity sha512-lyuxPGr/Wfhrlem2CL/UcnUc1zcqKAImBDzukY7Y5F/yQiNdko6+fRLevlw1HgMySw7f611UIY408EtxRSoK3Q==
  dependencies:
    js-tokens "^3.0.0 || ^4.0.0"

magic-string@^0.30.8:
  version "0.30.9"
  resolved "https://registry.npmjs.org/magic-string/-/magic-string-0.30.9.tgz"
  integrity sha512-S1+hd+dIrC8EZqKyT9DstTH/0Z+f76kmmvZnkfQVmOpDEF9iVgdYif3Q/pIWHmCoo59bQVGW0kVL3e2nl+9+Sw==
  dependencies:
    "@jridgewell/sourcemap-codec" "^1.4.15"

mark.js@8.11.1:
  version "8.11.1"
  resolved "https://registry.npmmirror.com/mark.js/-/mark.js-8.11.1.tgz"
  integrity sha512-1I+1qpDt4idfgLQG+BNWmrqku+7/2bi5nLf4YwF8y8zXvmfiTBY3PV3ZibfrjBueCByROpuBjLLFCajqkgYoLQ==

md5@^2.3.0:
  version "2.3.0"
  resolved "https://registry.npmmirror.com/md5/-/md5-2.3.0.tgz"
  integrity sha512-T1GITYmFaKuO91vxyoQMFETst+O71VUPEU3ze5GNzDm0OWdP8v1ziTaAEPUr/3kLsY3Sftgz242A1SetQiDL7g==
  dependencies:
    charenc "0.0.2"
    crypt "0.0.2"
    is-buffer "~1.1.6"

mime-db@1.52.0:
  version "1.52.0"
  resolved "https://registry.npmmirror.com/mime-db/-/mime-db-1.52.0.tgz"
  integrity sha512-sPU4uV7dYlvtWJxwwxHD0PuihVNiE7TyAbQ5SWxDCB9mUYvOgroQOwYQQOKPJ8CIbE+1ETVlOoK1UC2nU3gYvg==

mime-types@^2.1.12:
  version "2.1.35"
  resolved "https://registry.npmmirror.com/mime-types/-/mime-types-2.1.35.tgz"
  integrity sha512-ZDY+bPm5zTTF+YpCrAU9nK0UgICYPT0QtT1NZWFv4s++TNkcgVaT0g6+4R2uI4MjQjzysHB1zxuWL50hzaeXiw==
  dependencies:
    mime-db "1.52.0"

minisearch@^6.3.0:
  version "6.3.0"
  resolved "https://registry.npmjs.org/minisearch/-/minisearch-6.3.0.tgz"
  integrity sha512-ihFnidEeU8iXzcVHy74dhkxh/dn8Dc08ERl0xwoMMGqp4+LvRSCgicb+zGqWthVokQKvCSxITlh3P08OzdTYCQ==

mitt@^3.0.1:
  version "3.0.1"
  resolved "https://registry.npmjs.org/mitt/-/mitt-3.0.1.tgz"
  integrity sha512-vKivATfr97l2/QBCYAkXYDbrIWPM2IIKEl7YPhjCvKlG3kE2gm+uBo6nEXK3M5/Ffh/FLpKExzOQ3JJoJGFKBw==

ms@^2.0.0:
  version "2.1.3"
  resolved "https://registry.npmmirror.com/ms/-/ms-2.1.3.tgz"
  integrity sha512-6FlzubTLZG3J2a/NVCAleEhjzq5oxgHyaCU9yYXvcLsvoVaHJq/s5xXI6/XXP6tz7R9xAOtHnSO/tXtF3WRTlA==

nanoid@^3.3.7:
  version "3.3.7"
  resolved "https://registry.npmjs.org/nanoid/-/nanoid-3.3.7.tgz"
  integrity sha512-eSRppjcPIatRIMC1U6UngP8XFcz8MQWGQdt1MTBQ7NaAmvXDfvNxbvWV3x2y6CdEUciCSsDHDQZbhYaB8QEo2g==

nanopop@^2.1.0:
  version "2.3.0"
  resolved "https://registry.npmmirror.com/nanopop/-/nanopop-2.3.0.tgz"
  integrity sha512-fzN+T2K7/Ah25XU02MJkPZ5q4Tj5FpjmIYq4rvoHX4yb16HzFdCO6JxFFn5Y/oBhQ8no8fUZavnyIv9/+xkBBw==

node-domexception@1.0.0:
  version "1.0.0"
  resolved "https://registry.npmmirror.com/node-domexception/-/node-domexception-1.0.0.tgz"
  integrity sha512-/jKZoMpw0F8GRwl4/eLROPA3cfcXtLApP0QzLmUT/HuPCZWyB7IY9ZrMeKw2O/nFIqPQB3PVM9aYm0F312AXDQ==

node-fetch@^2.6.7:
  version "2.7.0"
  resolved "https://registry.npmmirror.com/node-fetch/-/node-fetch-2.7.0.tgz"
  integrity sha512-c4FRfUm/dbcWZ7U+1Wq0AwCyFL+3nt2bEw05wfxSz+DWpWsitgmSgYmy2dQdWyKC1694ELPqMs/YzUSNozLt8A==
  dependencies:
    whatwg-url "^5.0.0"

normalize-path@^3.0.0, normalize-path@~3.0.0:
  version "3.0.0"
  resolved "https://registry.npmmirror.com/normalize-path/-/normalize-path-3.0.0.tgz"
  integrity sha512-6eZs5Ls3WtCisHWp9S2GUy8dqkpGi4BVSz3GaqiE6ezub0512ESztXUwUB6C6IKbQkY2Pnb/mD4WYojCRwcwLA==

openai@^4.10.0:
  version "4.10.0"
  resolved "https://registry.npmmirror.com/openai/-/openai-4.10.0.tgz"
  integrity sha512-II4b5/7qzwYkqA9MSjgqdofCc798EW+dtF2h6qNaVLet+qO7FShAJTWnoyzb50J4ZH1rPxRFAsmDLIhY3PT6DQ==
  dependencies:
    "@types/node" "^18.11.18"
    "@types/node-fetch" "^2.6.4"
    abort-controller "^3.0.0"
    agentkeepalive "^4.2.1"
    digest-fetch "^1.3.0"
    form-data-encoder "1.7.2"
    formdata-node "^4.3.2"
    node-fetch "^2.6.7"

perfect-debounce@^1.0.0:
  version "1.0.0"
  resolved "https://registry.npmjs.org/perfect-debounce/-/perfect-debounce-1.0.0.tgz"
  integrity sha512-xCy9V055GLEqoFaHoC1SoLIaLmWctgCUaBaWxDZ7/Zx4CTyX7cJQLJOok/orfjZAh9kEYpjJa4d0KcJmCbctZA==

picocolors@^1.0.0:
  version "1.0.0"
  resolved "https://registry.npmmirror.com/picocolors/-/picocolors-1.0.0.tgz"
  integrity sha512-1fygroTLlHu66zi26VoTDv8yRgm0Fccecssto+MhsZ0D/DGW2sm8E8AjW7NU5VVTRt5GxbeZ5qBuJr+HyLYkjQ==

picomatch@^2.0.4, picomatch@^2.2.1:
  version "2.3.1"
  resolved "https://registry.npmmirror.com/picomatch/-/picomatch-2.3.1.tgz"
  integrity sha512-JU3teHTNjmE2VCGFzuY8EXzCDVwEqB2a8fsIvwaStHhAWJEeVd1o1QD80CU6+ZdEXXSLbSsuLwJjkCBWqRQUVA==

postcss@^8, postcss@^8.4.38:
  version "8.4.38"
  resolved "https://registry.npmjs.org/postcss/-/postcss-8.4.38.tgz"
  integrity sha512-Wglpdk03BSfXkHoQa3b/oulrotAkwrlLDRSOb9D0bN86FdRyE9lppSp33aHNPgBa0JKCoB+drFLZkQoRRYae5A==
  dependencies:
    nanoid "^3.3.7"
    picocolors "^1.0.0"
    source-map-js "^1.2.0"

preact@^10.0.0:
  version "10.20.2"
  resolved "https://registry.npmjs.org/preact/-/preact-10.20.2.tgz"
  integrity sha512-S1d1ernz3KQ+Y2awUxKakpfOg2CEmJmwOP+6igPx6dgr6pgDvenqYviyokWso2rhHvGtTlWWnJDa7RaPbQerTg==

readdirp@~3.6.0:
  version "3.6.0"
  resolved "https://registry.npmmirror.com/readdirp/-/readdirp-3.6.0.tgz"
  integrity sha512-hOS089on8RduqdbhvQ5Z37A0ESjsqz6qnRcffsMU3495FuTdqSm+7bhJ29JvIOsBDEEnan5DPu9t3To9VRlMzA==
  dependencies:
    picomatch "^2.2.1"

regenerator-runtime@^0.14.0:
  version "0.14.0"
  resolved "https://registry.npmmirror.com/regenerator-runtime/-/regenerator-runtime-0.14.0.tgz"
  integrity sha512-srw17NI0TUWHuGa5CFGGmhfNIeja30WMBfbslPNhf6JrqQlLN5gcrvig1oqPxiVaXb0oW0XRKtH6Nngs5lKCIA==

resize-observer-polyfill@^1.5.1:
  version "1.5.1"
  resolved "https://registry.npmmirror.com/resize-observer-polyfill/-/resize-observer-polyfill-1.5.1.tgz"
  integrity sha512-LwZrotdHOo12nQuZlHEmtuXdqGoOD0OhaxopaNFxWzInpEgaLWoVuAMbTzixuosCx2nEG58ngzW3vxdWoxIgdg==

rfdc@^1.3.1:
  version "1.3.1"
  resolved "https://registry.npmjs.org/rfdc/-/rfdc-1.3.1.tgz"
  integrity sha512-r5a3l5HzYlIC68TpmYKlxWjmOP6wiPJ1vWv2HeLhNsRZMrCkxeqxiHlQ21oXmQ4F3SiryXBHhAD7JZqvOJjFmg==

rollup@^4.13.0:
  version "4.14.3"
  resolved "https://registry.npmjs.org/rollup/-/rollup-4.14.3.tgz"
  integrity sha512-ag5tTQKYsj1bhrFC9+OEWqb5O6VYgtQDO9hPDBMmIbePwhfSr+ExlcU741t8Dhw5DkPCQf6noz0jb36D6W9/hw==
  dependencies:
    "@types/estree" "1.0.5"
  optionalDependencies:
    "@rollup/rollup-android-arm-eabi" "4.14.3"
    "@rollup/rollup-android-arm64" "4.14.3"
    "@rollup/rollup-darwin-arm64" "4.14.3"
    "@rollup/rollup-darwin-x64" "4.14.3"
    "@rollup/rollup-linux-arm-gnueabihf" "4.14.3"
    "@rollup/rollup-linux-arm-musleabihf" "4.14.3"
    "@rollup/rollup-linux-arm64-gnu" "4.14.3"
    "@rollup/rollup-linux-arm64-musl" "4.14.3"
    "@rollup/rollup-linux-powerpc64le-gnu" "4.14.3"
    "@rollup/rollup-linux-riscv64-gnu" "4.14.3"
    "@rollup/rollup-linux-s390x-gnu" "4.14.3"
    "@rollup/rollup-linux-x64-gnu" "4.14.3"
    "@rollup/rollup-linux-x64-musl" "4.14.3"
    "@rollup/rollup-win32-arm64-msvc" "4.14.3"
    "@rollup/rollup-win32-ia32-msvc" "4.14.3"
    "@rollup/rollup-win32-x64-msvc" "4.14.3"
    fsevents "~2.3.2"

sass@*, sass@^1.67.0:
  version "1.67.0"
  resolved "https://registry.npmmirror.com/sass/-/sass-1.67.0.tgz"
  integrity sha512-SVrO9ZeX/QQyEGtuZYCVxoeAL5vGlYjJ9p4i4HFuekWl8y/LtJ7tJc10Z+ck1c8xOuoBm2MYzcLfTAffD0pl/A==
  dependencies:
    chokidar ">=3.0.0 <4.0.0"
    immutable "^4.0.0"
    source-map-js ">=0.6.2 <2.0.0"

scroll-into-view-if-needed@^2.2.25:
  version "2.2.31"
  resolved "https://registry.npmmirror.com/scroll-into-view-if-needed/-/scroll-into-view-if-needed-2.2.31.tgz"
  integrity sha512-dGCXy99wZQivjmjIqihaBQNjryrz5rueJY7eHfTdyWEiR4ttYpsajb14rn9s5d4DY4EcY6+4+U/maARBXJedkA==
  dependencies:
    compute-scroll-into-view "^1.0.20"

"search-insights@>= 1 < 3":
  version "2.13.0"
  resolved "https://registry.npmjs.org/search-insights/-/search-insights-2.13.0.tgz"
  integrity sha512-Orrsjf9trHHxFRuo9/rzm0KIWmgzE8RMlZMzuhZOJ01Rnz3D0YBAe+V6473t6/H6c7irs6Lt48brULAiRWb3Vw==

shallow-equal@^1.0.0:
  version "1.2.1"
  resolved "https://registry.npmmirror.com/shallow-equal/-/shallow-equal-1.2.1.tgz"
  integrity sha512-S4vJDjHHMBaiZuT9NPb616CSmLf618jawtv3sufLl6ivK8WocjAo58cXwbRV1cgqxH0Qbv+iUt6m05eqEa2IRA==

shiki@^1.2.4, shiki@1.3.0:
  version "1.3.0"
  resolved "https://registry.npmjs.org/shiki/-/shiki-1.3.0.tgz"
  integrity sha512-9aNdQy/etMXctnPzsje1h1XIGm9YfRcSksKOGqZWXA/qP9G18/8fpz5Bjpma8bOgz3tqIpjERAd6/lLjFyzoww==
  dependencies:
    "@shikijs/core" "1.3.0"

source-map-js@^1.2.0, "source-map-js@>=0.6.2 <2.0.0":
  version "1.2.0"
  resolved "https://registry.npmjs.org/source-map-js/-/source-map-js-1.2.0.tgz"
  integrity sha512-itJW8lvSA0TXEphiRoawsCksnlf8SyvmFzIhltqAHluXd88pkCd+cXJVHTDwdCr0IzwptSm035IHQktUu1QUMg==

speakingurl@^14.0.1:
  version "14.0.1"
  resolved "https://registry.npmjs.org/speakingurl/-/speakingurl-14.0.1.tgz"
  integrity sha512-1POYv7uv2gXoyGFpBCmpDVSNV74IfsWlDW216UPjbWufNf+bSU6GdbDsxdcxtfwb4xlI3yxzOTKClUosxARYrQ==

stylis@^4.1.3:
  version "4.3.0"
  resolved "https://registry.npmmirror.com/stylis/-/stylis-4.3.0.tgz"
  integrity sha512-E87pIogpwUsUwXw7dNyU4QDjdgVMy52m+XEOPEKUn161cCzWjjhPSQhByfd1CcNvrOLnXQ6OnnZDwnJrz/Z4YQ==

tabbable@^6.2.0:
  version "6.2.0"
  resolved "https://registry.npmjs.org/tabbable/-/tabbable-6.2.0.tgz"
  integrity sha512-Cat63mxsVJlzYvN51JmVXIgNoUokrIaT2zLclCXjRd8boZ0004U4KCs/sToJ75C6sdlByWxpYnb5Boif1VSFew==

throttle-debounce@^5.0.0:
  version "5.0.0"
  resolved "https://registry.npmmirror.com/throttle-debounce/-/throttle-debounce-5.0.0.tgz"
  integrity sha512-2iQTSgkkc1Zyk0MeVrt/3BvuOXYPl/R8Z0U2xxo9rjwNciaHDG3R+Lm6dh4EeUci49DanvBnuqI6jshoQQRGEg==

to-regex-range@^5.0.1:
  version "5.0.1"
  resolved "https://registry.npmmirror.com/to-regex-range/-/to-regex-range-5.0.1.tgz"
  integrity sha512-65P7iz6X5yEr1cwcgvQxbbIw7Uk3gOy5dIdtZ4rDveLqhrdJP+Li/Hx6tyK0NEb+2GCyneCMJiGqrADCSNk8sQ==
  dependencies:
    is-number "^7.0.0"

tr46@~0.0.3:
  version "0.0.3"
  resolved "https://registry.npmmirror.com/tr46/-/tr46-0.0.3.tgz"
  integrity sha512-N3WMsuqV66lT30CrXNbEjx4GEwlow3v6rr4mCcv6prnfwhS01rkgyFdjPNBYd9br7LpXV1+Emh01fHnq2Gdgrw==

vite@^5.0.0, vite@^5.2.8:
  version "5.2.9"
  resolved "https://registry.npmjs.org/vite/-/vite-5.2.9.tgz"
  integrity sha512-uOQWfuZBlc6Y3W/DTuQ1Sr+oIXWvqljLvS881SVmAj00d5RdgShLcuXWxseWPd4HXwiYBFW/vXHfKFeqj9uQnw==
  dependencies:
    esbuild "^0.20.1"
    postcss "^8.4.38"
    rollup "^4.13.0"
  optionalDependencies:
    fsevents "~2.3.3"

vitepress@^1.0.1:
  version "1.1.0"
  resolved "https://registry.npmjs.org/vitepress/-/vitepress-1.1.0.tgz"
  integrity sha512-G+NS5I2OETxC0SfGAMDO75JWNkrcir0UCptuhQMNoaZhhlqvYtTDQhph4qGc5dtiTtZkcFa/bCcSx+A2gSS3lA==
  dependencies:
    "@docsearch/css" "^3.6.0"
    "@docsearch/js" "^3.6.0"
    "@shikijs/core" "^1.2.4"
    "@shikijs/transformers" "^1.2.4"
    "@types/markdown-it" "^13.0.7"
    "@vitejs/plugin-vue" "^5.0.4"
    "@vue/devtools-api" "^7.0.25"
    "@vueuse/core" "^10.9.0"
    "@vueuse/integrations" "^10.9.0"
    focus-trap "^7.5.4"
    mark.js "8.11.1"
    minisearch "^6.3.0"
    shiki "^1.2.4"
    vite "^5.2.8"
    vue "^3.4.21"

vue-demi@>=0.14.7:
  version "0.14.7"
  resolved "https://registry.npmjs.org/vue-demi/-/vue-demi-0.14.7.tgz"
  integrity sha512-EOG8KXDQNwkJILkx/gPcoL/7vH+hORoBaKgGe+6W7VFMvCYJfmF2dGbvgDroVnI8LU7/kTu8mbjRZGBU1z9NTA==

vue-types@^3.0.0:
  version "3.0.2"
  resolved "https://registry.npmmirror.com/vue-types/-/vue-types-3.0.2.tgz"
  integrity sha512-IwUC0Aq2zwaXqy74h4WCvFCUtoV0iSWr0snWnE9TnU18S66GAQyqQbRf2qfJtUuiFsBf6qp0MEwdonlwznlcrw==
  dependencies:
    is-plain-object "3.0.1"

vue@^3.0.0, "vue@^3.0.0-0 || ^2.6.0", vue@^3.2.25, vue@^3.4.21, vue@>=3.0.3, vue@>=3.2.0, vue@3.4.22:
  version "3.4.22"
  resolved "https://registry.npmjs.org/vue/-/vue-3.4.22.tgz"
  integrity sha512-CIx7NiP+n5WHBCG/fDNaUPP4qbQ5CIa8XIHZE3HpfS/rb2vmSIsp74BxsZyrrGKF0vHW3GoToqP3l0hzrMTecw==
  dependencies:
    "@vue/compiler-dom" "3.4.22"
    "@vue/compiler-sfc" "3.4.22"
    "@vue/runtime-dom" "3.4.22"
    "@vue/server-renderer" "3.4.22"
    "@vue/shared" "3.4.22"

warning@^4.0.0:
  version "4.0.3"
  resolved "https://registry.npmmirror.com/warning/-/warning-4.0.3.tgz"
  integrity sha512-rpJyN222KWIvHJ/F53XSZv0Zl/accqHR8et1kpaMTD/fLCRxtV8iX8czMzY7sVZupTI3zcUTg8eycS2kNF9l6w==
  dependencies:
    loose-envify "^1.0.0"

web-streams-polyfill@4.0.0-beta.3:
  version "4.0.0-beta.3"
  resolved "https://registry.npmmirror.com/web-streams-polyfill/-/web-streams-polyfill-4.0.0-beta.3.tgz"
  integrity sha512-QW95TCTaHmsYfHDybGMwO5IJIM93I/6vTRk+daHTWFPhwh+C8Cg7j7XyKrwrj8Ib6vYXe0ocYNrmzY4xAAN6ug==

webidl-conversions@^3.0.0:
  version "3.0.1"
  resolved "https://registry.npmmirror.com/webidl-conversions/-/webidl-conversions-3.0.1.tgz"
  integrity sha512-2JAn3z8AR6rjK8Sm8orRC0h/bcl/DqL7tRPdGZ4I1CjdF+EaMLmYxBHyXuKL849eucPFhvBoxMsflfOb8kxaeQ==

whatwg-url@^5.0.0:
  version "5.0.0"
  resolved "https://registry.npmmirror.com/whatwg-url/-/whatwg-url-5.0.0.tgz"
  integrity sha512-saE57nupxk6v3HY35+jzBwYa0rKSy0XR8JSxZPwgLr7ys0IBzhGviA1/TUGJLmSVqs8pb9AnvICXEuOHLprYTw==
  dependencies:
    tr46 "~0.0.3"
    webidl-conversions "^3.0.0"
